
Microsoft Visual Studio Solution File, Format Version 12.00
# Visual Studio Version 16
VisualStudioVersion = 16.0.31613.86
MinimumVisualStudioVersion = 10.0.40219.1
Project("{888888A0-9F3D-457C-B088-3A5042F75D52}") = "Car Data", "Car Data.pyproj", "{74670EA7-B673-41F2-93E1-3914F4A7354C}"
EndProject
Global
	GlobalSection(SolutionConfigurationPlatforms) = preSolution
		Debug|Any CPU = Debug|Any CPU
		Release|Any CPU = Release|Any CPU
	EndGlobalSection
	GlobalSection(ProjectConfigurationPlatforms) = postSolution
		{74670EA7-B673-41F2-93E1-3914F4A7354C}.Debug|Any CPU.ActiveCfg = Debug|Any CPU
		{74670EA7-B673-41F2-93E1-3914F4A7354C}.Release|Any CPU.ActiveCfg = Release|Any CPU
	EndGlobalSection
	GlobalSection(SolutionProperties) = preSolution
		HideSolutionNode = FALSE
	EndGlobalSection
	GlobalSection(ExtensibilityGlobals) = postSolution
		SolutionGuid = {F1D912DB-C8C9-4CE7-AB4F-5FFB9E1DE89F}
	EndGlobalSection
EndGlobal
